
Microsoft Visual Studio Solution File, Format Version 12.00
# Visual Studio Version 16
VisualStudioVersion = 16.0.30011.22
MinimumVisualStudioVersion = 10.0.40219.1
Project("{9A19103F-16F7-4668-BE54-9A1E7A4F7556}") = "HomeCleaning", "HomeCleaning\HomeCleaning.csproj", "{E626AED5-6C2B-4758-B48C-89AAE03F4982}"
EndProject
Project("{2150E333-8FDC-42A3-9474-1A3956D46DE8}") = "Domain", "Domain", "{BC6DA1F6-96E1-43CB-B94F-4769FFEE590C}"
EndProject
Project("{9A19103F-16F7-4668-BE54-9A1E7A4F7556}") = "HomeCleaning.Domain", "HomeCleaning.Domain\HomeCleaning.Domain.csproj", "{AA6360EA-BC5A-408A-B157-B2F7B61575F4}"
EndProject
Project("{2150E333-8FDC-42A3-9474-1A3956D46DE8}") = "Service", "Service", "{BA89E169-90F4-4B23-B923-70777CE8AB5B}"
EndProject
Project("{2150E333-8FDC-42A3-9474-1A3956D46DE8}") = "Infrastructure", "Infrastructure", "{E846400B-4386-407A-B6BA-DFDD63752C50}"
EndProject
Project("{9A19103F-16F7-4668-BE54-9A1E7A4F7556}") = "HomeCleaning.Persistance", "HomeCleaning.Persistance\HomeCleaning.Persistance.csproj", "{3C49E01E-9809-4B55-A819-154A26ABC89F}"
EndProject
Project("{2150E333-8FDC-42A3-9474-1A3956D46DE8}") = "Framework", "Framework", "{4F09AB7F-459B-462B-B58D-CBF162A259FC}"
EndProject
Project("{9A19103F-16F7-4668-BE54-9A1E7A4F7556}") = "Framework.Domain", "Framework.Domain\Framework.Domain.csproj", "{CCEF598D-71DD-4C0F-A584-287000C0781C}"
EndProject
Project("{9A19103F-16F7-4668-BE54-9A1E7A4F7556}") = "HomeCleaning.Service", "HomeCleaning.Service\HomeCleaning.Service.csproj", "{A201E830-7AE1-4E27-B7CB-F9DA6B50AF85}"
EndProject
Project("{FAE04EC0-301F-11D3-BF4B-00C04F79EFBC}") = "HomeCleaning.Localization", "HomeCleaning.Localization\HomeCleaning.Localization.csproj", "{415693AF-A164-4B78-8D88-7EB4753931D7}"
EndProject
Project("{FAE04EC0-301F-11D3-BF4B-00C04F79EFBC}") = "HomeCleaning.Service.Contract", "HomeCleaning.Service.Contract\HomeCleaning.Service.Contract.csproj", "{87CDF70B-073F-4B0A-8472-D8C2BC28DD22}"
EndProject
Global
	GlobalSection(SolutionConfigurationPlatforms) = preSolution
		Debug|Any CPU = Debug|Any CPU
		Release|Any CPU = Release|Any CPU
	EndGlobalSection
	GlobalSection(ProjectConfigurationPlatforms) = postSolution
		{E626AED5-6C2B-4758-B48C-89AAE03F4982}.Debug|Any CPU.ActiveCfg = Debug|Any CPU
		{E626AED5-6C2B-4758-B48C-89AAE03F4982}.Debug|Any CPU.Build.0 = Debug|Any CPU
		{E626AED5-6C2B-4758-B48C-89AAE03F4982}.Release|Any CPU.ActiveCfg = Release|Any CPU
		{E626AED5-6C2B-4758-B48C-89AAE03F4982}.Release|Any CPU.Build.0 = Release|Any CPU
		{AA6360EA-BC5A-408A-B157-B2F7B61575F4}.Debug|Any CPU.ActiveCfg = Debug|Any CPU
		{AA6360EA-BC5A-408A-B157-B2F7B61575F4}.Debug|Any CPU.Build.0 = Debug|Any CPU
		{AA6360EA-BC5A-408A-B157-B2F7B61575F4}.Release|Any CPU.ActiveCfg = Release|Any CPU
		{AA6360EA-BC5A-408A-B157-B2F7B61575F4}.Release|Any CPU.Build.0 = Release|Any CPU
		{3C49E01E-9809-4B55-A819-154A26ABC89F}.Debug|Any CPU.ActiveCfg = Debug|Any CPU
		{3C49E01E-9809-4B55-A819-154A26ABC89F}.Debug|Any CPU.Build.0 = Debug|Any CPU
		{3C49E01E-9809-4B55-A819-154A26ABC89F}.Release|Any CPU.ActiveCfg = Release|Any CPU
		{3C49E01E-9809-4B55-A819-154A26ABC89F}.Release|Any CPU.Build.0 = Release|Any CPU
		{CCEF598D-71DD-4C0F-A584-287000C0781C}.Debug|Any CPU.ActiveCfg = Debug|Any CPU
		{CCEF598D-71DD-4C0F-A584-287000C0781C}.Debug|Any CPU.Build.0 = Debug|Any CPU
		{CCEF598D-71DD-4C0F-A584-287000C0781C}.Release|Any CPU.ActiveCfg = Release|Any CPU
		{CCEF598D-71DD-4C0F-A584-287000C0781C}.Release|Any CPU.Build.0 = Release|Any CPU
		{A201E830-7AE1-4E27-B7CB-F9DA6B50AF85}.Debug|Any CPU.ActiveCfg = Debug|Any CPU
		{A201E830-7AE1-4E27-B7CB-F9DA6B50AF85}.Debug|Any CPU.Build.0 = Debug|Any CPU
		{A201E830-7AE1-4E27-B7CB-F9DA6B50AF85}.Release|Any CPU.ActiveCfg = Release|Any CPU
		{A201E830-7AE1-4E27-B7CB-F9DA6B50AF85}.Release|Any CPU.Build.0 = Release|Any CPU
		{415693AF-A164-4B78-8D88-7EB4753931D7}.Debug|Any CPU.ActiveCfg = Debug|Any CPU
		{415693AF-A164-4B78-8D88-7EB4753931D7}.Debug|Any CPU.Build.0 = Debug|Any CPU
		{415693AF-A164-4B78-8D88-7EB4753931D7}.Release|Any CPU.ActiveCfg = Release|Any CPU
		{415693AF-A164-4B78-8D88-7EB4753931D7}.Release|Any CPU.Build.0 = Release|Any CPU
		{87CDF70B-073F-4B0A-8472-D8C2BC28DD22}.Debug|Any CPU.ActiveCfg = Debug|Any CPU
		{87CDF70B-073F-4B0A-8472-D8C2BC28DD22}.Debug|Any CPU.Build.0 = Debug|Any CPU
		{87CDF70B-073F-4B0A-8472-D8C2BC28DD22}.Release|Any CPU.ActiveCfg = Release|Any CPU
		{87CDF70B-073F-4B0A-8472-D8C2BC28DD22}.Release|Any CPU.Build.0 = Release|Any CPU
	EndGlobalSection
	GlobalSection(SolutionProperties) = preSolution
		HideSolutionNode = FALSE
	EndGlobalSection
	GlobalSection(NestedProjects) = preSolution
		{AA6360EA-BC5A-408A-B157-B2F7B61575F4} = {BC6DA1F6-96E1-43CB-B94F-4769FFEE590C}
		{3C49E01E-9809-4B55-A819-154A26ABC89F} = {E846400B-4386-407A-B6BA-DFDD63752C50}
		{CCEF598D-71DD-4C0F-A584-287000C0781C} = {4F09AB7F-459B-462B-B58D-CBF162A259FC}
		{A201E830-7AE1-4E27-B7CB-F9DA6B50AF85} = {BA89E169-90F4-4B23-B923-70777CE8AB5B}
		{87CDF70B-073F-4B0A-8472-D8C2BC28DD22} = {BA89E169-90F4-4B23-B923-70777CE8AB5B}
	EndGlobalSection
	GlobalSection(ExtensibilityGlobals) = postSolution
		SolutionGuid = {BF60695B-E035-4682-87BD-98CE513EA93A}
	EndGlobalSection
EndGlobal
